
Microsoft Visual Studio Solution File, Format Version 12.00
# Visual Studio 15
VisualStudioVersion = 15.0.28307.1684
MinimumVisualStudioVersion = 10.0.40219.1
Project("{8BC9CEB8-8B4A-11D0-8D11-00A0C91BC942}") = "3.17", "3.17\3.17.vcxproj", "{7957E25B-832C-4BF6-8F14-6655B170AB18}"
EndProject
Global
	GlobalSection(SolutionConfigurationPlatforms) = preSolution
		Debug|x64 = Debug|x64
		Debug|x86 = Debug|x86
		Release|x64 = Release|x64
		Release|x86 = Release|x86
	EndGlobalSection
	GlobalSection(ProjectConfigurationPlatforms) = postSolution
		{7957E25B-832C-4BF6-8F14-6655B170AB18}.Debug|x64.ActiveCfg = Debug|x64
		{7957E25B-832C-4BF6-8F14-6655B170AB18}.Debug|x64.Build.0 = Debug|x64
		{7957E25B-832C-4BF6-8F14-6655B170AB18}.Debug|x86.ActiveCfg = Debug|Win32
		{7957E25B-832C-4BF6-8F14-6655B170AB18}.Debug|x86.Build.0 = Debug|Win32
		{7957E25B-832C-4BF6-8F14-6655B170AB18}.Release|x64.ActiveCfg = Release|x64
		{7957E25B-832C-4BF6-8F14-6655B170AB18}.Release|x64.Build.0 = Release|x64
		{7957E25B-832C-4BF6-8F14-6655B170AB18}.Release|x86.ActiveCfg = Release|Win32
		{7957E25B-832C-4BF6-8F14-6655B170AB18}.Release|x86.Build.0 = Release|Win32
	EndGlobalSection
	GlobalSection(SolutionProperties) = preSolution
		HideSolutionNode = FALSE
	EndGlobalSection
	GlobalSection(ExtensibilityGlobals) = postSolution
		SolutionGuid = {7A50A417-2F37-4F6C-8757-EA4C7B23D205}
	EndGlobalSection
EndGlobal
